
Microsoft Visual Studio Solution File, Format Version 12.00
# Visual Studio Version 16
VisualStudioVersion = 16.0.29215.179
MinimumVisualStudioVersion = 10.0.40219.1
Project("{8BC9CEB8-8B4A-11D0-8D11-00A0C91BC942}") = "AulaPratica1Busca", "AulaPratica1Busca\AulaPratica1Busca.vcxproj", "{BCA8EBB3-A09F-4875-8C14-F61D0F2CB72C}"
EndProject
Global
	GlobalSection(SolutionConfigurationPlatforms) = preSolution
		Debug|x64 = Debug|x64
		Debug|x86 = Debug|x86
		Release|x64 = Release|x64
		Release|x86 = Release|x86
	EndGlobalSection
	GlobalSection(ProjectConfigurationPlatforms) = postSolution
		{BCA8EBB3-A09F-4875-8C14-F61D0F2CB72C}.Debug|x64.ActiveCfg = Debug|x64
		{BCA8EBB3-A09F-4875-8C14-F61D0F2CB72C}.Debug|x64.Build.0 = Debug|x64
		{BCA8EBB3-A09F-4875-8C14-F61D0F2CB72C}.Debug|x86.ActiveCfg = Debug|Win32
		{BCA8EBB3-A09F-4875-8C14-F61D0F2CB72C}.Debug|x86.Build.0 = Debug|Win32
		{BCA8EBB3-A09F-4875-8C14-F61D0F2CB72C}.Release|x64.ActiveCfg = Release|x64
		{BCA8EBB3-A09F-4875-8C14-F61D0F2CB72C}.Release|x64.Build.0 = Release|x64
		{BCA8EBB3-A09F-4875-8C14-F61D0F2CB72C}.Release|x86.ActiveCfg = Release|Win32
		{BCA8EBB3-A09F-4875-8C14-F61D0F2CB72C}.Release|x86.Build.0 = Release|Win32
	EndGlobalSection
	GlobalSection(SolutionProperties) = preSolution
		HideSolutionNode = FALSE
	EndGlobalSection
	GlobalSection(ExtensibilityGlobals) = postSolution
		SolutionGuid = {7182A181-7DBF-4D2F-A0FF-C3277FB3BFDF}
	EndGlobalSection
EndGlobal
